
Microsoft Visual Studio Solution File, Format Version 12.00
# Visual Studio Version 17
VisualStudioVersion = 17.0.31912.275
MinimumVisualStudioVersion = 10.0.40219.1
Project("{FAE04EC0-301F-11D3-BF4B-00C04F79EFBC}") = "GuestBookMVC", "GuestBookMVC\GuestBookMVC.csproj", "{DC1D6C43-5B29-4AD0-A5FD-61EFBD2A5777}"
EndProject
Global
	GlobalSection(SolutionConfigurationPlatforms) = preSolution
		Debug|Any CPU = Debug|Any CPU
		Release|Any CPU = Release|Any CPU
	EndGlobalSection
	GlobalSection(ProjectConfigurationPlatforms) = postSolution
		{DC1D6C43-5B29-4AD0-A5FD-61EFBD2A5777}.Debug|Any CPU.ActiveCfg = Debug|Any CPU
		{DC1D6C43-5B29-4AD0-A5FD-61EFBD2A5777}.Debug|Any CPU.Build.0 = Debug|Any CPU
		{DC1D6C43-5B29-4AD0-A5FD-61EFBD2A5777}.Release|Any CPU.ActiveCfg = Release|Any CPU
		{DC1D6C43-5B29-4AD0-A5FD-61EFBD2A5777}.Release|Any CPU.Build.0 = Release|Any CPU
	EndGlobalSection
	GlobalSection(SolutionProperties) = preSolution
		HideSolutionNode = FALSE
	EndGlobalSection
	GlobalSection(ExtensibilityGlobals) = postSolution
		SolutionGuid = {1B7211DD-DCDD-4242-8C36-E2E551FE8069}
	EndGlobalSection
EndGlobal
